<?xml version="1.0" encoding="utf-8"?>
<Project ToolsVersion="4.0" xmlns="http://schemas.microsoft.com/developer/msbuild/2003">
  <ItemGroup>
    <Filter Include="Source Files">
      <UniqueIdentifier>{4FC737F1-C7A5-4376-A066-2A32D752A2FF}</UniqueIdentifier>
      <Extensions>cpp;c;cc;cxx;c++;cppm;ixx;def;odl;idl;hpj;bat;asm;asmx</Extensions>
    </Filter>
    <Filter Include="Header Files">
      <UniqueIdentifier>{93995380-89BD-4b04-88EB-625FBE52EBFB}</UniqueIdentifier>
      <Extensions>h;hh;hpp;hxx;h++;hm;inl;inc;ipp;xsd</Extensions>
    </Filter>
    <Filter Include="Resource Files">
      <UniqueIdentifier>{67DA6AB6-F800-4c08-8B7A-83BB121AAD01}</UniqueIdentifier>
      <Extensions>rc;ico;cur;bmp;dlg;rc2;rct;bin;rgs;gif;jpg;jpeg;jpe;resx;tiff;tif;png;wav;mfcribbon-ms</Extensions>
    </Filter>
  </ItemGroup>
  <ItemGroup>
    <ClCompile Include="utils\base_properties.cpp">
      <Filter>Source Files</Filter>
    </ClCompile>
    <ClCompile Include="utils\ini_wrapper.cpp">
      <Filter>Source Files</Filter>
    </ClCompile>
    <ClCompile Include="utils\nntr_threads.cpp">
      <Filter>Source Files</Filter>
    </ClCompile>
    <ClCompile Include="utils\node_exporter.cpp">
      <Filter>Source Files</Filter>
    </ClCompile>
    <ClCompile Include="utils\profiler.cpp">
      <Filter>Source Files</Filter>
    </ClCompile>
    <ClCompile Include="utils\tracer.cpp">
      <Filter>Source Files</Filter>
    </ClCompile>
    <ClCompile Include="utils\util_func.cpp">
      <Filter>Source Files</Filter>
    </ClCompile>
    <ClCompile Include="compiler\activation_realizer.cpp">
      <Filter>Source Files</Filter>
    </ClCompile>
    <ClCompile Include="compiler\bn_realizer.cpp">
      <Filter>Source Files</Filter>
    </ClCompile>
    <ClCompile Include="compiler\flatbuffer_interpreter.cpp">
      <Filter>Source Files</Filter>
    </ClCompile>
    <ClCompile Include="compiler\flatten_realizer.cpp">
      <Filter>Source Files</Filter>
    </ClCompile>
    <ClCompile Include="compiler\ini_interpreter.cpp">
      <Filter>Source Files</Filter>
    </ClCompile>
    <ClCompile Include="compiler\input_realizer.cpp">
      <Filter>Source Files</Filter>
    </ClCompile>
    <ClCompile Include="compiler\loss_realizer.cpp">
      <Filter>Source Files</Filter>
    </ClCompile>
    <ClCompile Include="compiler\multiout_realizer.cpp">
      <Filter>Source Files</Filter>
    </ClCompile>
    <ClCompile Include="compiler\previous_input_realizer.cpp">
      <Filter>Source Files</Filter>
    </ClCompile>
    <ClCompile Include="compiler\recurrent_realizer.cpp">
      <Filter>Source Files</Filter>
    </ClCompile>
    <ClCompile Include="compiler\remap_realizer.cpp">
      <Filter>Source Files</Filter>
    </ClCompile>
    <ClCompile Include="compiler\slice_realizer.cpp">
      <Filter>Source Files</Filter>
    </ClCompile>
    <ClCompile Include="dataset\data_iteration.cpp">
      <Filter>Source Files</Filter>
    </ClCompile>
    <ClCompile Include="dataset\databuffer.cpp">
      <Filter>Source Files</Filter>
    </ClCompile>
    <ClCompile Include="dataset\databuffer_factory.cpp">
      <Filter>Source Files</Filter>
    </ClCompile>
    <ClCompile Include="dataset\func_data_producer.cpp">
      <Filter>Source Files</Filter>
    </ClCompile>
    <ClCompile Include="dataset\iteration_queue.cpp">
      <Filter>Source Files</Filter>
    </ClCompile>
    <ClCompile Include="dataset\random_data_producers.cpp">
      <Filter>Source Files</Filter>
    </ClCompile>
    <ClCompile Include="dataset\raw_file_data_producer.cpp">
      <Filter>Source Files</Filter>
    </ClCompile>
    <ClCompile Include="graph\connection.cpp">
      <Filter>Source Files</Filter>
    </ClCompile>
    <ClCompile Include="graph\graph_core.cpp">
      <Filter>Source Files</Filter>
    </ClCompile>
    <ClCompile Include="graph\network_graph.cpp">
      <Filter>Source Files</Filter>
    </ClCompile>
    <ClCompile Include="iniparser\dictionary.c">
      <Filter>Source Files</Filter>
    </ClCompile>
    <ClCompile Include="iniparser\iniparser.c">
      <Filter>Source Files</Filter>
    </ClCompile>
    <ClCompile Include="layers\loss\constant_derivative_loss_layer.cpp">
      <Filter>Source Files</Filter>
    </ClCompile>
    <ClCompile Include="layers\loss\cross_entropy_sigmoid_loss_layer.cpp">
      <Filter>Source Files</Filter>
    </ClCompile>
    <ClCompile Include="layers\loss\cross_entropy_softmax_loss_layer.cpp">
      <Filter>Source Files</Filter>
    </ClCompile>
    <ClCompile Include="layers\loss\kld_loss_layer.cpp">
      <Filter>Source Files</Filter>
    </ClCompile>
    <ClCompile Include="layers\loss\loss_layer.cpp">
      <Filter>Source Files</Filter>
    </ClCompile>
    <ClCompile Include="layers\loss\mse_loss_layer.cpp">
      <Filter>Source Files</Filter>
    </ClCompile>
    <ClCompile Include="layers\acti_func.cpp">
      <Filter>Source Files</Filter>
    </ClCompile>
    <ClCompile Include="layers\activation_layer.cpp">
      <Filter>Source Files</Filter>
    </ClCompile>
    <ClCompile Include="layers\addition_layer.cpp">
      <Filter>Source Files</Filter>
    </ClCompile>
    <ClCompile Include="layers\attention_layer.cpp">
      <Filter>Source Files</Filter>
    </ClCompile>
    <ClCompile Include="layers\bn_layer.cpp">
      <Filter>Source Files</Filter>
    </ClCompile>
    <ClCompile Include="layers\centroid_knn.cpp">
      <Filter>Source Files</Filter>
    </ClCompile>
    <ClCompile Include="layers\common_properties.cpp">
      <Filter>Source Files</Filter>
    </ClCompile>
    <ClCompile Include="layers\concat_layer.cpp">
      <Filter>Source Files</Filter>
    </ClCompile>
    <ClCompile Include="layers\conv1d_layer.cpp">
      <Filter>Source Files</Filter>
    </ClCompile>
    <ClCompile Include="layers\conv2d_layer.cpp">
      <Filter>Source Files</Filter>
    </ClCompile>
    <ClCompile Include="layers\dropout.cpp">
      <Filter>Source Files</Filter>
    </ClCompile>
    <ClCompile Include="layers\embedding.cpp">
      <Filter>Source Files</Filter>
    </ClCompile>
    <ClCompile Include="layers\fc_layer.cpp">
      <Filter>Source Files</Filter>
    </ClCompile>
    <ClCompile Include="layers\flatten_layer.cpp">
      <Filter>Source Files</Filter>
    </ClCompile>
    <ClCompile Include="layers\gru.cpp">
      <Filter>Source Files</Filter>
    </ClCompile>
    <ClCompile Include="layers\grucell.cpp">
      <Filter>Source Files</Filter>
    </ClCompile>
    <ClCompile Include="layers\identity_layer.cpp">
      <Filter>Source Files</Filter>
    </ClCompile>
    <ClCompile Include="layers\input_layer.cpp">
      <Filter>Source Files</Filter>
    </ClCompile>
    <ClCompile Include="layers\layer_context.cpp">
      <Filter>Source Files</Filter>
    </ClCompile>
    <ClCompile Include="layers\layer_impl.cpp">
      <Filter>Source Files</Filter>
    </ClCompile>
    <ClCompile Include="layers\layer_node.cpp">
      <Filter>Source Files</Filter>
    </ClCompile>
    <ClCompile Include="layers\layer_normalization_layer.cpp">
      <Filter>Source Files</Filter>
    </ClCompile>
    <ClCompile Include="layers\lstm.cpp">
      <Filter>Source Files</Filter>
    </ClCompile>
    <ClCompile Include="layers\lstmcell.cpp">
      <Filter>Source Files</Filter>
    </ClCompile>
    <ClCompile Include="layers\lstmcell_core.cpp">
      <Filter>Source Files</Filter>
    </ClCompile>
    <ClCompile Include="layers\mol_attention_layer.cpp">
      <Filter>Source Files</Filter>
    </ClCompile>
    <ClCompile Include="layers\multi_head_attention_layer.cpp">
      <Filter>Source Files</Filter>
    </ClCompile>
    <ClCompile Include="layers\multiout_layer.cpp">
      <Filter>Source Files</Filter>
    </ClCompile>
    <ClCompile Include="layers\permute_layer.cpp">
      <Filter>Source Files</Filter>
    </ClCompile>
    <ClCompile Include="layers\pooling2d_layer.cpp">
      <Filter>Source Files</Filter>
    </ClCompile>
    <ClCompile Include="layers\positional_encoding_layer.cpp">
      <Filter>Source Files</Filter>
    </ClCompile>
    <ClCompile Include="layers\preprocess_flip_layer.cpp">
      <Filter>Source Files</Filter>
    </ClCompile>
    <ClCompile Include="layers\preprocess_l2norm_layer.cpp">
      <Filter>Source Files</Filter>
    </ClCompile>
    <ClCompile Include="layers\preprocess_translate_layer.cpp">
      <Filter>Source Files</Filter>
    </ClCompile>
    <ClCompile Include="layers\reduce_mean_layer.cpp">
      <Filter>Source Files</Filter>
    </ClCompile>
    <ClCompile Include="layers\reshape_layer.cpp">
      <Filter>Source Files</Filter>
    </ClCompile>
    <ClCompile Include="layers\rnn.cpp">
      <Filter>Source Files</Filter>
    </ClCompile>
    <ClCompile Include="layers\rnncell.cpp">
      <Filter>Source Files</Filter>
    </ClCompile>
    <ClCompile Include="layers\split_layer.cpp">
      <Filter>Source Files</Filter>
    </ClCompile>
    <ClCompile Include="layers\time_dist.cpp">
      <Filter>Source Files</Filter>
    </ClCompile>
    <ClCompile Include="layers\zoneout_lstmcell.cpp">
      <Filter>Source Files</Filter>
    </ClCompile>
    <ClCompile Include="mman-win32\mman.c">
      <Filter>Source Files</Filter>
    </ClCompile>
    <ClCompile Include="models\dynamic_training_optimization.cpp">
      <Filter>Source Files</Filter>
    </ClCompile>
    <ClCompile Include="models\model_common_properties.cpp">
      <Filter>Source Files</Filter>
    </ClCompile>
    <ClCompile Include="models\model_loader.cpp">
      <Filter>Source Files</Filter>
    </ClCompile>
    <ClCompile Include="models\neuralnet.cpp">
      <Filter>Source Files</Filter>
    </ClCompile>
    <ClCompile Include="optimizers\adam.cpp">
      <Filter>Source Files</Filter>
    </ClCompile>
    <ClCompile Include="optimizers\lr_scheduler_constant.cpp">
      <Filter>Source Files</Filter>
    </ClCompile>
    <ClCompile Include="optimizers\lr_scheduler_exponential.cpp">
      <Filter>Source Files</Filter>
    </ClCompile>
    <ClCompile Include="optimizers\lr_scheduler_step.cpp">
      <Filter>Source Files</Filter>
    </ClCompile>
    <ClCompile Include="optimizers\optimizer_context.cpp">
      <Filter>Source Files</Filter>
    </ClCompile>
    <ClCompile Include="optimizers\optimizer_devel.cpp">
      <Filter>Source Files</Filter>
    </ClCompile>
    <ClCompile Include="optimizers\optimizer_wrapped.cpp">
      <Filter>Source Files</Filter>
    </ClCompile>
    <ClCompile Include="optimizers\sgd.cpp">
      <Filter>Source Files</Filter>
    </ClCompile>
    <ClCompile Include="tensor\basic_planner.cpp">
      <Filter>Source Files</Filter>
    </ClCompile>
    <ClCompile Include="tensor\blas_interface.cpp">
      <Filter>Source Files</Filter>
    </ClCompile>
    <ClCompile Include="tensor\cache_elem.cpp">
      <Filter>Source Files</Filter>
    </ClCompile>
    <ClCompile Include="tensor\cache_loader.cpp">
      <Filter>Source Files</Filter>
    </ClCompile>
    <ClCompile Include="tensor\cache_pool.cpp">
      <Filter>Source Files</Filter>
    </ClCompile>
    <ClCompile Include="tensor\lazy_tensor.cpp">
      <Filter>Source Files</Filter>
    </ClCompile>
    <ClCompile Include="tensor\manager.cpp">
      <Filter>Source Files</Filter>
    </ClCompile>
    <ClCompile Include="tensor\memory_pool.cpp">
      <Filter>Source Files</Filter>
    </ClCompile>
    <ClCompile Include="tensor\optimized_v1_planner.cpp">
      <Filter>Source Files</Filter>
    </ClCompile>
    <ClCompile Include="tensor\swap_device.cpp">
      <Filter>Source Files</Filter>
    </ClCompile>
    <ClCompile Include="tensor\task_executor.cpp">
      <Filter>Source Files</Filter>
    </ClCompile>
    <ClCompile Include="tensor\tensor.cpp">
      <Filter>Source Files</Filter>
    </ClCompile>
    <ClCompile Include="tensor\tensor_dim.cpp">
      <Filter>Source Files</Filter>
    </ClCompile>
    <ClCompile Include="tensor\tensor_pool.cpp">
      <Filter>Source Files</Filter>
    </ClCompile>
    <ClCompile Include="tensor\var_grad.cpp">
      <Filter>Source Files</Filter>
    </ClCompile>
    <ClCompile Include="tensor\weight.cpp">
      <Filter>Source Files</Filter>
    </ClCompile>
    <ClCompile Include="app_context.cpp">
      <Filter>Source Files</Filter>
    </ClCompile>
    <ClCompile Include="nntrainer_logger.cpp">
      <Filter>Source Files</Filter>
    </ClCompile>
  </ItemGroup>
  <ItemGroup>
    <ClInclude Include="utils\base_properties.h">
      <Filter>Header Files</Filter>
    </ClInclude>
    <ClInclude Include="utils\ini_wrapper.h">
      <Filter>Header Files</Filter>
    </ClInclude>
    <ClInclude Include="utils\nntr_threads.h">
      <Filter>Header Files</Filter>
    </ClInclude>
    <ClInclude Include="utils\node_exporter.h">
      <Filter>Header Files</Filter>
    </ClInclude>
    <ClInclude Include="utils\profiler.h">
      <Filter>Header Files</Filter>
    </ClInclude>
    <ClInclude Include="utils\tracer.h">
      <Filter>Header Files</Filter>
    </ClInclude>
    <ClInclude Include="utils\util_func.h">
      <Filter>Header Files</Filter>
    </ClInclude>
    <ClInclude Include="compiler\activation_realizer.h">
      <Filter>Header Files</Filter>
    </ClInclude>
    <ClInclude Include="compiler\bn_realizer.h">
      <Filter>Header Files</Filter>
    </ClInclude>
    <ClInclude Include="compiler\compiler.h">
      <Filter>Header Files</Filter>
    </ClInclude>
    <ClInclude Include="compiler\compiler_fwd.h">
      <Filter>Header Files</Filter>
    </ClInclude>
    <ClInclude Include="compiler\flatbuffer_interpreter.h">
      <Filter>Header Files</Filter>
    </ClInclude>
    <ClInclude Include="compiler\flatten_realizer.h">
      <Filter>Header Files</Filter>
    </ClInclude>
    <ClInclude Include="compiler\ini_interpreter.h">
      <Filter>Header Files</Filter>
    </ClInclude>
    <ClInclude Include="compiler\input_realizer.h">
      <Filter>Header Files</Filter>
    </ClInclude>
    <ClInclude Include="compiler\interpreter.h">
      <Filter>Header Files</Filter>
    </ClInclude>
    <ClInclude Include="compiler\loss_realizer.h">
      <Filter>Header Files</Filter>
    </ClInclude>
    <ClInclude Include="compiler\multiout_realizer.h">
      <Filter>Header Files</Filter>
    </ClInclude>
    <ClInclude Include="compiler\previous_input_realizer.h">
      <Filter>Header Files</Filter>
    </ClInclude>
    <ClInclude Include="compiler\realizer.h">
      <Filter>Header Files</Filter>
    </ClInclude>
    <ClInclude Include="compiler\recurrent_realizer.h">
      <Filter>Header Files</Filter>
    </ClInclude>
    <ClInclude Include="compiler\remap_realizer.h">
      <Filter>Header Files</Filter>
    </ClInclude>
    <ClInclude Include="compiler\slice_realizer.h">
      <Filter>Header Files</Filter>
    </ClInclude>
    <ClInclude Include="dataset\data_iteration.h">
      <Filter>Header Files</Filter>
    </ClInclude>
    <ClInclude Include="dataset\data_producer.h">
      <Filter>Header Files</Filter>
    </ClInclude>
    <ClInclude Include="dataset\databuffer.h">
      <Filter>Header Files</Filter>
    </ClInclude>
    <ClInclude Include="dataset\databuffer_factory.h">
      <Filter>Header Files</Filter>
    </ClInclude>
    <ClInclude Include="dataset\func_data_producer.h">
      <Filter>Header Files</Filter>
    </ClInclude>
    <ClInclude Include="dataset\iteration_queue.h">
      <Filter>Header Files</Filter>
    </ClInclude>
    <ClInclude Include="dataset\random_data_producers.h">
      <Filter>Header Files</Filter>
    </ClInclude>
    <ClInclude Include="dataset\raw_file_data_producer.h">
      <Filter>Header Files</Filter>
    </ClInclude>
    <ClInclude Include="graph\connection.h">
      <Filter>Header Files</Filter>
    </ClInclude>
    <ClInclude Include="graph\graph_core.h">
      <Filter>Header Files</Filter>
    </ClInclude>
    <ClInclude Include="graph\graph_node.h">
      <Filter>Header Files</Filter>
    </ClInclude>
    <ClInclude Include="graph\network_graph.h">
      <Filter>Header Files</Filter>
    </ClInclude>
    <ClInclude Include="iniparser\dictionary.h">
      <Filter>Header Files</Filter>
    </ClInclude>
    <ClInclude Include="iniparser\iniparser.h">
      <Filter>Header Files</Filter>
    </ClInclude>
    <ClInclude Include="layers\loss\constant_derivative_loss_layer.h">
      <Filter>Header Files</Filter>
    </ClInclude>
    <ClInclude Include="layers\loss\cross_entropy_loss_layer.h">
      <Filter>Header Files</Filter>
    </ClInclude>
    <ClInclude Include="layers\loss\cross_entropy_sigmoid_loss_layer.h">
      <Filter>Header Files</Filter>
    </ClInclude>
    <ClInclude Include="layers\loss\cross_entropy_softmax_loss_layer.h">
      <Filter>Header Files</Filter>
    </ClInclude>
    <ClInclude Include="layers\loss\kld_loss_layer.h">
      <Filter>Header Files</Filter>
    </ClInclude>
    <ClInclude Include="layers\loss\loss_layer.h">
      <Filter>Header Files</Filter>
    </ClInclude>
    <ClInclude Include="layers\loss\mse_loss_layer.h">
      <Filter>Header Files</Filter>
    </ClInclude>
    <ClInclude Include="layers\acti_func.h">
      <Filter>Header Files</Filter>
    </ClInclude>
    <ClInclude Include="layers\activation_layer.h">
      <Filter>Header Files</Filter>
    </ClInclude>
    <ClInclude Include="layers\addition_layer.h">
      <Filter>Header Files</Filter>
    </ClInclude>
    <ClInclude Include="layers\attention_layer.h">
      <Filter>Header Files</Filter>
    </ClInclude>
    <ClInclude Include="layers\bn_layer.h">
      <Filter>Header Files</Filter>
    </ClInclude>
    <ClInclude Include="layers\centroid_knn.h">
      <Filter>Header Files</Filter>
    </ClInclude>
    <ClInclude Include="layers\common_properties.h">
      <Filter>Header Files</Filter>
    </ClInclude>
    <ClInclude Include="layers\concat_layer.h">
      <Filter>Header Files</Filter>
    </ClInclude>
    <ClInclude Include="layers\conv1d_layer.h">
      <Filter>Header Files</Filter>
    </ClInclude>
    <ClInclude Include="layers\conv2d_layer.h">
      <Filter>Header Files</Filter>
    </ClInclude>
    <ClInclude Include="layers\dropout.h">
      <Filter>Header Files</Filter>
    </ClInclude>
    <ClInclude Include="layers\embedding.h">
      <Filter>Header Files</Filter>
    </ClInclude>
    <ClInclude Include="layers\entropy_layer.h">
      <Filter>Header Files</Filter>
    </ClInclude>
    <ClInclude Include="layers\fc_layer.h">
      <Filter>Header Files</Filter>
    </ClInclude>
    <ClInclude Include="layers\flatten_layer.h">
      <Filter>Header Files</Filter>
    </ClInclude>
    <ClInclude Include="layers\gru.h">
      <Filter>Header Files</Filter>
    </ClInclude>
    <ClInclude Include="layers\grucell.h">
      <Filter>Header Files</Filter>
    </ClInclude>
    <ClInclude Include="layers\identity_layer.h">
      <Filter>Header Files</Filter>
    </ClInclude>
    <ClInclude Include="layers\input_layer.h">
      <Filter>Header Files</Filter>
    </ClInclude>
    <ClInclude Include="layers\layer_context.h">
      <Filter>Header Files</Filter>
    </ClInclude>
    <ClInclude Include="layers\layer_devel.h">
      <Filter>Header Files</Filter>
    </ClInclude>
    <ClInclude Include="layers\layer_impl.h">
      <Filter>Header Files</Filter>
    </ClInclude>
    <ClInclude Include="layers\layer_node.h">
      <Filter>Header Files</Filter>
    </ClInclude>
    <ClInclude Include="layers\layer_normalization_layer.h">
      <Filter>Header Files</Filter>
    </ClInclude>
    <ClInclude Include="layers\lstm.h">
      <Filter>Header Files</Filter>
    </ClInclude>
    <ClInclude Include="layers\lstmcell.h">
      <Filter>Header Files</Filter>
    </ClInclude>
    <ClInclude Include="layers\lstmcell_core.h">
      <Filter>Header Files</Filter>
    </ClInclude>
    <ClInclude Include="layers\mol_attention_layer.h">
      <Filter>Header Files</Filter>
    </ClInclude>
    <ClInclude Include="layers\multi_head_attention_layer.h">
      <Filter>Header Files</Filter>
    </ClInclude>
    <ClInclude Include="layers\multiout_layer.h">
      <Filter>Header Files</Filter>
    </ClInclude>
    <ClInclude Include="layers\permute_layer.h">
      <Filter>Header Files</Filter>
    </ClInclude>
    <ClInclude Include="layers\plugged_layer.h">
      <Filter>Header Files</Filter>
    </ClInclude>
    <ClInclude Include="layers\pooling2d_layer.h">
      <Filter>Header Files</Filter>
    </ClInclude>
    <ClInclude Include="layers\positional_encoding_layer.h">
      <Filter>Header Files</Filter>
    </ClInclude>
    <ClInclude Include="layers\preprocess_flip_layer.h">
      <Filter>Header Files</Filter>
    </ClInclude>
    <ClInclude Include="layers\preprocess_l2norm_layer.h">
      <Filter>Header Files</Filter>
    </ClInclude>
    <ClInclude Include="layers\preprocess_translate_layer.h">
      <Filter>Header Files</Filter>
    </ClInclude>
    <ClInclude Include="layers\reduce_mean_layer.h">
      <Filter>Header Files</Filter>
    </ClInclude>
    <ClInclude Include="layers\reshape_layer.h">
      <Filter>Header Files</Filter>
    </ClInclude>
    <ClInclude Include="layers\rnn.h">
      <Filter>Header Files</Filter>
    </ClInclude>
    <ClInclude Include="layers\rnncell.h">
      <Filter>Header Files</Filter>
    </ClInclude>
    <ClInclude Include="layers\split_layer.h">
      <Filter>Header Files</Filter>
    </ClInclude>
    <ClInclude Include="layers\time_dist.h">
      <Filter>Header Files</Filter>
    </ClInclude>
    <ClInclude Include="layers\zoneout_lstmcell.h">
      <Filter>Header Files</Filter>
    </ClInclude>
    <ClInclude Include="mman-win32\mman.h">
      <Filter>Header Files</Filter>
    </ClInclude>
    <ClInclude Include="models\dynamic_training_optimization.h">
      <Filter>Header Files</Filter>
    </ClInclude>
    <ClInclude Include="models\execution_mode.h">
      <Filter>Header Files</Filter>
    </ClInclude>
    <ClInclude Include="models\model_common_properties.h">
      <Filter>Header Files</Filter>
    </ClInclude>
    <ClInclude Include="models\model_loader.h">
      <Filter>Header Files</Filter>
    </ClInclude>
    <ClInclude Include="models\neuralnet.h">
      <Filter>Header Files</Filter>
    </ClInclude>
    <ClInclude Include="optimizers\adam.h">
      <Filter>Header Files</Filter>
    </ClInclude>
    <ClInclude Include="optimizers\lr_scheduler.h">
      <Filter>Header Files</Filter>
    </ClInclude>
    <ClInclude Include="optimizers\lr_scheduler_constant.h">
      <Filter>Header Files</Filter>
    </ClInclude>
    <ClInclude Include="optimizers\lr_scheduler_exponential.h">
      <Filter>Header Files</Filter>
    </ClInclude>
    <ClInclude Include="optimizers\lr_scheduler_step.h">
      <Filter>Header Files</Filter>
    </ClInclude>
    <ClInclude Include="optimizers\optimizer_context.h">
      <Filter>Header Files</Filter>
    </ClInclude>
    <ClInclude Include="optimizers\optimizer_devel.h">
      <Filter>Header Files</Filter>
    </ClInclude>
    <ClInclude Include="optimizers\optimizer_wrapped.h">
      <Filter>Header Files</Filter>
    </ClInclude>
    <ClInclude Include="optimizers\plugged_optimizer.h">
      <Filter>Header Files</Filter>
    </ClInclude>
    <ClInclude Include="optimizers\sgd.h">
      <Filter>Header Files</Filter>
    </ClInclude>
    <ClInclude Include="tensor\basic_planner.h">
      <Filter>Header Files</Filter>
    </ClInclude>
    <ClInclude Include="tensor\blas_interface.h">
      <Filter>Header Files</Filter>
    </ClInclude>
    <ClInclude Include="tensor\cache_elem.h">
      <Filter>Header Files</Filter>
    </ClInclude>
    <ClInclude Include="tensor\cache_loader.h">
      <Filter>Header Files</Filter>
    </ClInclude>
    <ClInclude Include="tensor\cache_pool.h">
      <Filter>Header Files</Filter>
    </ClInclude>
    <ClInclude Include="tensor\lazy_tensor.h">
      <Filter>Header Files</Filter>
    </ClInclude>
    <ClInclude Include="tensor\manager.h">
      <Filter>Header Files</Filter>
    </ClInclude>
    <ClInclude Include="tensor\memory_data.h">
      <Filter>Header Files</Filter>
    </ClInclude>
    <ClInclude Include="tensor\memory_planner.h">
      <Filter>Header Files</Filter>
    </ClInclude>
    <ClInclude Include="tensor\memory_pool.h">
      <Filter>Header Files</Filter>
    </ClInclude>
    <ClInclude Include="tensor\optimized_v1_planner.h">
      <Filter>Header Files</Filter>
    </ClInclude>
    <ClInclude Include="tensor\swap_device.h">
      <Filter>Header Files</Filter>
    </ClInclude>
    <ClInclude Include="tensor\task.h">
      <Filter>Header Files</Filter>
    </ClInclude>
    <ClInclude Include="tensor\task_executor.h">
      <Filter>Header Files</Filter>
    </ClInclude>
    <ClInclude Include="tensor\tensor.h">
      <Filter>Header Files</Filter>
    </ClInclude>
    <ClInclude Include="tensor\tensor_pool.h">
      <Filter>Header Files</Filter>
    </ClInclude>
    <ClInclude Include="tensor\tensor_wrap_specs.h">
      <Filter>Header Files</Filter>
    </ClInclude>
    <ClInclude Include="tensor\var_grad.h">
      <Filter>Header Files</Filter>
    </ClInclude>
    <ClInclude Include="tensor\weight.h">
      <Filter>Header Files</Filter>
    </ClInclude>
    <ClInclude Include="app_context.h">
      <Filter>Header Files</Filter>
    </ClInclude>
    <ClInclude Include="delegate.h">
      <Filter>Header Files</Filter>
    </ClInclude>
    <ClInclude Include="nntrainer_error.h">
      <Filter>Header Files</Filter>
    </ClInclude>
    <ClInclude Include="nntrainer_log.h">
      <Filter>Header Files</Filter>
    </ClInclude>
    <ClInclude Include="nntrainer_logger.h">
      <Filter>Header Files</Filter>
    </ClInclude>
  </ItemGroup>
</Project>